
Microsoft Visual Studio Solution File, Format Version 12.00
# Visual Studio Version 16
VisualStudioVersion = 16.0.29318.209
MinimumVisualStudioVersion = 10.0.40219.1
Project("{FAE04EC0-301F-11D3-BF4B-00C04F79EFBC}") = "ProjectBatchName", "ProjectBatchName\ProjectBatchName.csproj", "{031F7B84-6074-47B6-A766-62BB72E0CE63}"
EndProject
Global
	GlobalSection(SolutionConfigurationPlatforms) = preSolution
		Debug|Any CPU = Debug|Any CPU
		Release|Any CPU = Release|Any CPU
	EndGlobalSection
	GlobalSection(ProjectConfigurationPlatforms) = postSolution
		{031F7B84-6074-47B6-A766-62BB72E0CE63}.Debug|Any CPU.ActiveCfg = Debug|Any CPU
		{031F7B84-6074-47B6-A766-62BB72E0CE63}.Debug|Any CPU.Build.0 = Debug|Any CPU
		{031F7B84-6074-47B6-A766-62BB72E0CE63}.Release|Any CPU.ActiveCfg = Release|Any CPU
		{031F7B84-6074-47B6-A766-62BB72E0CE63}.Release|Any CPU.Build.0 = Release|Any CPU
	EndGlobalSection
	GlobalSection(SolutionProperties) = preSolution
		HideSolutionNode = FALSE
	EndGlobalSection
	GlobalSection(ExtensibilityGlobals) = postSolution
		SolutionGuid = {08CF686C-5FA4-4A26-B6E8-81C6D0991A84}
	EndGlobalSection
EndGlobal
